PODS:
  - Alamofire (5.5.0)
  - Kingfisher (4.10.1)
  - SwiftHash (2.0.2)

DEPENDENCIES:
  - Alamofire (~> 5.5)
  - Kingfisher (~> 4.0)
  - SwiftHash

SPEC REPOS:
  trunk:
    - Alamofire
    - Kingfisher
    - SwiftHash

SPEC CHECKSUMS:
  Alamofire: 1c4fb5369c3fe93d2857c780d8bbe09f06f97e7c
  Kingfisher: c148cd7b47ebde9989f6bc7c27dcaa79d81279a0
  SwiftHash: 6d312abe61c8359bdef8d0093642f3a70b1c17ba

PODFILE CHECKSUM: 1c74c8b3f4a69d9a731a2a132c5443cc49529521

COCOAPODS: 1.11.3
